{
    "_readme": [
        "This file locks the dependencies of your project to a known state",
        "Read more about it at https://getcomposer.org/doc/01-basic-usage.md#installing-dependencies",
        "This file is @generated automatically"
    ],
    "content-hash": "7302ebeca19ec4625a284dab55294eaa",
    "packages": [
        {
            "name": "paypal/paypal-checkout-sdk",
            "version": "1.0.2",
            "source": {
                "type": "git",
                "url": "https://github.com/paypal/Checkout-PHP-SDK.git",
                "reference": "19992ce7051ff9e47e643f28abb8cc1b3e5f1812"
            },
            "dist": {
                "type": "zip",
                "url": "https://api.github.com/repos/paypal/Checkout-PHP-SDK/zipball/19992ce7051ff9e47e643f28abb8cc1b3e5f1812",
                "reference": "19992ce7051ff9e47e643f28abb8cc1b3e5f1812",
                "shasum": ""
            },
            "require": {
                "paypal/paypalhttp": "1.0.1"
            },
            "require-dev": {
                "phpunit/phpunit": "^5.7"
            },
            "type": "library",
            "autoload": {
                "psr-4": {
                    "PayPalCheckoutSdk\\": "lib/PayPalCheckoutSdk",
                    "Sample\\": "samples/"
                }
            },
            "notification-url": "https://packagist.org/downloads/",
            "license": [
                "https://github.com/paypal/Checkout-PHP-SDK/blob/master/LICENSE"
            ],
            "authors": [
                {
                    "name": "PayPal",
                    "homepage": "https://github.com/paypal/Checkout-PHP-SDK/contributors"
                }
            ],
            "description": "PayPal's PHP SDK for Checkout REST APIs",
            "homepage": "http://github.com/paypal/Checkout-PHP-SDK/",
            "keywords": [
                "checkout",
                "orders",
                "payments",
                "paypal",
                "rest",
                "sdk"
            ],
            "support": {
                "source": "https://github.com/paypal/Checkout-PHP-SDK/tree/1.0.2"
            },
            "time": "2021-09-21T20:57:38+00:00"
        },
        {
            "name": "paypal/paypalhttp",
            "version": "1.0.1",
            "source": {
                "type": "git",
                "url": "https://github.com/paypal/paypalhttp_php.git",
                "reference": "7b09c89c80828e842c79230e7f156b61fbb68d25"
            },
            "dist": {
                "type": "zip",
                "url": "https://api.github.com/repos/paypal/paypalhttp_php/zipball/7b09c89c80828e842c79230e7f156b61fbb68d25",
                "reference": "7b09c89c80828e842c79230e7f156b61fbb68d25",
                "shasum": ""
            },
            "require": {
                "ext-curl": "*"
            },
            "require-dev": {
                "phpunit/phpunit": "^5.7",
                "wiremock-php/wiremock-php": "1.43.2"
            },
            "type": "library",
            "autoload": {
                "psr-4": {
                    "PayPalHttp\\": "lib/PayPalHttp"
                }
            },
            "notification-url": "https://packagist.org/downloads/",
            "license": [
                "MIT"
            ],
            "authors": [
                {
                    "name": "PayPal",
                    "homepage": "https://github.com/paypal/paypalhttp_php/contributors"
                }
            ],
            "support": {
                "issues": "https://github.com/paypal/paypalhttp_php/issues",
                "source": "https://github.com/paypal/paypalhttp_php/tree/1.0.1"
            },
            "time": "2021-09-14T21:35:26+00:00"
        },
        {
            "name": "razorpay/razorpay",
            "version": "2.8.1",
            "source": {
                "type": "git",
                "url": "https://github.com/razorpay/razorpay-php.git",
                "reference": "4ad7b6a5bd9896305858ec0a861f66020e39f628"
            },
            "dist": {
                "type": "zip",
                "url": "https://api.github.com/repos/razorpay/razorpay-php/zipball/4ad7b6a5bd9896305858ec0a861f66020e39f628",
                "reference": "4ad7b6a5bd9896305858ec0a861f66020e39f628",
                "shasum": ""
            },
            "require": {
                "ext-json": "*",
                "php": ">=5.3.0",
                "rmccue/requests": "v1.8.0"
            },
            "require-dev": {
                "phpunit/phpunit": "~4.8|~5.0",
                "raveren/kint": "1.*"
            },
            "type": "library",
            "autoload": {
                "psr-4": {
                    "Razorpay\\Api\\": "src/",
                    "Razorpay\\Tests\\": "tests/"
                }
            },
            "notification-url": "https://packagist.org/downloads/",
            "license": [
                "MIT"
            ],
            "authors": [
                {
                    "name": "Abhay Rana",
                    "email": "nemo@razorpay.com",
                    "homepage": "https://captnemo.in",
                    "role": "Developer"
                },
                {
                    "name": "Shashank Kumar",
                    "email": "shashank@razorpay.com",
                    "role": "Developer"
                }
            ],
            "description": "Razorpay PHP Client Library",
            "homepage": "https://docs.razorpay.com",
            "keywords": [
                "api",
                "client",
                "php",
                "razorpay"
            ],
            "support": {
                "email": "contact@razorpay.com",
                "issues": "https://github.com/Razorpay/razorpay-php/issues",
                "source": "https://github.com/Razorpay/razorpay-php"
            },
            "time": "2021-11-08T11:13:39+00:00"
        },
        {
            "name": "rmccue/requests",
            "version": "v1.8.0",
            "source": {
                "type": "git",
                "url": "https://github.com/WordPress/Requests.git",
                "reference": "afbe4790e4def03581c4a0963a1e8aa01f6030f1"
            },
            "dist": {
                "type": "zip",
                "url": "https://api.github.com/repos/WordPress/Requests/zipball/afbe4790e4def03581c4a0963a1e8aa01f6030f1",
                "reference": "afbe4790e4def03581c4a0963a1e8aa01f6030f1",
                "shasum": ""
            },
            "require": {
                "php": ">=5.2"
            },
            "require-dev": {
                "dealerdirect/phpcodesniffer-composer-installer": "^0.7",
                "php-parallel-lint/php-console-highlighter": "^0.5.0",
                "php-parallel-lint/php-parallel-lint": "^1.3",
                "phpcompatibility/php-compatibility": "^9.0",
                "phpunit/phpunit": "^4.8 || ^5.7 || ^6.5 || ^7.5",
                "requests/test-server": "dev-master",
                "squizlabs/php_codesniffer": "^3.5",
                "wp-coding-standards/wpcs": "^2.0"
            },
            "type": "library",
            "autoload": {
                "psr-0": {
                    "Requests": "library/"
                }
            },
            "notification-url": "https://packagist.org/downloads/",
            "license": [
                "ISC"
            ],
            "authors": [
                {
                    "name": "Ryan McCue",
                    "homepage": "http://ryanmccue.info"
                }
            ],
            "description": "A HTTP library written in PHP, for human beings.",
            "homepage": "http://github.com/WordPress/Requests",
            "keywords": [
                "curl",
                "fsockopen",
                "http",
                "idna",
                "ipv6",
                "iri",
                "sockets"
            ],
            "support": {
                "issues": "https://github.com/WordPress/Requests/issues",
                "source": "https://github.com/WordPress/Requests/tree/v1.8.0"
            },
            "time": "2021-04-27T11:05:25+00:00"
        },
        {
            "name": "stripe/stripe-php",
            "version": "v7.107.0",
            "source": {
                "type": "git",
                "url": "https://github.com/stripe/stripe-php.git",
                "reference": "a90f74037261ed376c0d37066f396c48809c8e99"
            },
            "dist": {
                "type": "zip",
                "url": "https://api.github.com/repos/stripe/stripe-php/zipball/a90f74037261ed376c0d37066f396c48809c8e99",
                "reference": "a90f74037261ed376c0d37066f396c48809c8e99",
                "shasum": ""
            },
            "require": {
                "ext-curl": "*",
                "ext-json": "*",
                "ext-mbstring": "*",
                "php": ">=5.6.0"
            },
            "require-dev": {
                "friendsofphp/php-cs-fixer": "3.2.1",
                "phpstan/phpstan": "^1.2",
                "phpunit/phpunit": "^5.7 || ^9.0",
                "squizlabs/php_codesniffer": "^3.3"
            },
            "type": "library",
            "extra": {
                "branch-alias": {
                    "dev-master": "2.0-dev"
                }
            },
            "autoload": {
                "psr-4": {
                    "Stripe\\": "lib/"
                }
            },
            "notification-url": "https://packagist.org/downloads/",
            "license": [
                "MIT"
            ],
            "authors": [
                {
                    "name": "Stripe and contributors",
                    "homepage": "https://github.com/stripe/stripe-php/contributors"
                }
            ],
            "description": "Stripe PHP Library",
            "homepage": "https://stripe.com/",
            "keywords": [
                "api",
                "payment processing",
                "stripe"
            ],
            "support": {
                "issues": "https://github.com/stripe/stripe-php/issues",
                "source": "https://github.com/stripe/stripe-php/tree/v7.107.0"
            },
            "time": "2021-12-09T20:40:29+00:00"
        }
    ],
    "packages-dev": [],
    "aliases": [],
    "minimum-stability": "stable",
    "stability-flags": [],
    "prefer-stable": false,
    "prefer-lowest": false,
    "platform": [],
    "platform-dev": [],
    "plugin-api-version": "2.1.0"
}
